
Microsoft Visual Studio Solution File, Format Version 12.00
# Visual Studio Version 17
VisualStudioVersion = 17.8.34330.188
MinimumVisualStudioVersion = 10.0.40219.1
Project("{9A19103F-16F7-4668-BE54-9A1E7A4F7556}") = "ManagementSystemPL", "ManagementSystem\ManagementSystemPL.csproj", "{0AB6E3E5-6846-4B9E-AD57-C21E6BCBF63C}"
EndProject
Project("{FAE04EC0-301F-11D3-BF4B-00C04F79EFBC}") = "ManagementSystemDAL", "ManagementSystemDAL\ManagementSystemDAL.csproj", "{A1B6A1C9-544E-4562-A20C-FD71DF75E93E}"
EndProject
Project("{FAE04EC0-301F-11D3-BF4B-00C04F79EFBC}") = "ManagementSystemBLL", "ManagementSystemBLL\ManagementSystemBLL.csproj", "{C26BA71A-14D5-4B21-809E-70F22EB33244}"
EndProject
Global
	GlobalSection(SolutionConfigurationPlatforms) = preSolution
		Debug|Any CPU = Debug|Any CPU
		Release|Any CPU = Release|Any CPU
	EndGlobalSection
	GlobalSection(ProjectConfigurationPlatforms) = postSolution
		{0AB6E3E5-6846-4B9E-AD57-C21E6BCBF63C}.Debug|Any CPU.ActiveCfg = Debug|Any CPU
		{0AB6E3E5-6846-4B9E-AD57-C21E6BCBF63C}.Debug|Any CPU.Build.0 = Debug|Any CPU
		{0AB6E3E5-6846-4B9E-AD57-C21E6BCBF63C}.Release|Any CPU.ActiveCfg = Release|Any CPU
		{0AB6E3E5-6846-4B9E-AD57-C21E6BCBF63C}.Release|Any CPU.Build.0 = Release|Any CPU
		{A1B6A1C9-544E-4562-A20C-FD71DF75E93E}.Debug|Any CPU.ActiveCfg = Debug|Any CPU
		{A1B6A1C9-544E-4562-A20C-FD71DF75E93E}.Debug|Any CPU.Build.0 = Debug|Any CPU
		{A1B6A1C9-544E-4562-A20C-FD71DF75E93E}.Release|Any CPU.ActiveCfg = Release|Any CPU
		{A1B6A1C9-544E-4562-A20C-FD71DF75E93E}.Release|Any CPU.Build.0 = Release|Any CPU
		{C26BA71A-14D5-4B21-809E-70F22EB33244}.Debug|Any CPU.ActiveCfg = Debug|Any CPU
		{C26BA71A-14D5-4B21-809E-70F22EB33244}.Debug|Any CPU.Build.0 = Debug|Any CPU
		{C26BA71A-14D5-4B21-809E-70F22EB33244}.Release|Any CPU.ActiveCfg = Release|Any CPU
		{C26BA71A-14D5-4B21-809E-70F22EB33244}.Release|Any CPU.Build.0 = Release|Any CPU
	EndGlobalSection
	GlobalSection(SolutionProperties) = preSolution
		HideSolutionNode = FALSE
	EndGlobalSection
EndGlobal
